// !$*UTF8*$!
{
	archiveVersion = 1;
	classes = {
	};
	objectVersion = 56;
	objects = {

/* Begin PBXBuildFile section */
		7105133C2A795047001E0867 /* FirebaseFirestore in Frameworks */ = {isa = PBXBuildFile; productRef = 7105133B2A795047001E0867 /* FirebaseFirestore */; };
		7105133E2A795047001E0867 /* FirebaseFirestoreSwift in Frameworks */ = {isa = PBXBuildFile; productRef = 7105133D2A795047001E0867 /* FirebaseFirestoreSwift */; };
		710513422A7950E9001E0867 /* SettingsViewModel.swift in Sources */ = {isa = PBXBuildFile; fileRef = 710513412A7950E9001E0867 /* SettingsViewModel.swift */; };
		710513452A79512B001E0867 /* AuthenticationViewModel.swift in Sources */ = {isa = PBXBuildFile; fileRef = 710513442A79512B001E0867 /* AuthenticationViewModel.swift */; };
		710513482A795159001E0867 /* SignInEmailViewModel.swift in Sources */ = {isa = PBXBuildFile; fileRef = 710513472A795159001E0867 /* SignInEmailViewModel.swift */; };
		7105134B2A79517A001E0867 /* ProfileView.swift in Sources */ = {isa = PBXBuildFile; fileRef = 7105134A2A79517A001E0867 /* ProfileView.swift */; };
		7105134E2A7954A5001E0867 /* UserManager.swift in Sources */ = {isa = PBXBuildFile; fileRef = 7105134D2A7954A5001E0867 /* UserManager.swift */; };
		7107E8F12A7169A9004B5FBB /* FirebaseBootcampApp.swift in Sources */ = {isa = PBXBuildFile; fileRef = 7107E8F02A7169A9004B5FBB /* FirebaseBootcampApp.swift */; };
		7107E8F32A7169A9004B5FBB /* ContentView.swift in Sources */ = {isa = PBXBuildFile; fileRef = 7107E8F22A7169A9004B5FBB /* ContentView.swift */; };
		7107E8F52A7169AC004B5FBB /* Assets.xcassets in Resources */ = {isa = PBXBuildFile; fileRef = 7107E8F42A7169AC004B5FBB /* Assets.xcassets */; };
		7107E8F82A7169AC004B5FBB /* Preview Assets.xcassets in Resources */ = {isa = PBXBuildFile; fileRef = 7107E8F72A7169AC004B5FBB /* Preview Assets.xcassets */; };
		7107E8FF2A716AB4004B5FBB /* GoogleService-Info.plist in Resources */ = {isa = PBXBuildFile; fileRef = 7107E8FE2A716AB4004B5FBB /* GoogleService-Info.plist */; };
		7107E9022A716B57004B5FBB /* FirebaseAnalytics in Frameworks */ = {isa = PBXBuildFile; productRef = 7107E9012A716B57004B5FBB /* FirebaseAnalytics */; };
		7107E9042A716B57004B5FBB /* FirebaseAnalyticsSwift in Frameworks */ = {isa = PBXBuildFile; productRef = 7107E9032A716B57004B5FBB /* FirebaseAnalyticsSwift */; };
		7107E9072A717135004B5FBB /* FirebaseAuth in Frameworks */ = {isa = PBXBuildFile; productRef = 7107E9062A717135004B5FBB /* FirebaseAuth */; };
		7107E90A2A717179004B5FBB /* AuthenticationView.swift in Sources */ = {isa = PBXBuildFile; fileRef = 7107E9092A717178004B5FBB /* AuthenticationView.swift */; };
		7107E90C2A7171F5004B5FBB /* SignInEmailView.swift in Sources */ = {isa = PBXBuildFile; fileRef = 7107E90B2A7171F5004B5FBB /* SignInEmailView.swift */; };
		7107E90E2A717315004B5FBB /* AuthenticationManager.swift in Sources */ = {isa = PBXBuildFile; fileRef = 7107E90D2A717315004B5FBB /* AuthenticationManager.swift */; };
		7107E9102A71772B004B5FBB /* RootView.swift in Sources */ = {isa = PBXBuildFile; fileRef = 7107E90F2A71772B004B5FBB /* RootView.swift */; };
		7107E9122A71806B004B5FBB /* SettingsView.swift in Sources */ = {isa = PBXBuildFile; fileRef = 7107E9112A71806B004B5FBB /* SettingsView.swift */; };
		7161351F2A7BF98900DFE955 /* ProductDatabase.swift in Sources */ = {isa = PBXBuildFile; fileRef = 7161351E2A7BF98900DFE955 /* ProductDatabase.swift */; };
		716135222A7BFA1000DFE955 /* ProductView.swift in Sources */ = {isa = PBXBuildFile; fileRef = 716135212A7BFA1000DFE955 /* ProductView.swift */; };
		716135242A7BFB5F00DFE955 /* ProductManager.swift in Sources */ = {isa = PBXBuildFile; fileRef = 716135232A7BFB5F00DFE955 /* ProductManager.swift */; };
		716135272A7BFF8400DFE955 /* ProductCellView.swift in Sources */ = {isa = PBXBuildFile; fileRef = 716135262A7BFF8400DFE955 /* ProductCellView.swift */; };
		716E68822A72AE3F0010E89F /* GoogleSignIn in Frameworks */ = {isa = PBXBuildFile; productRef = 716E68812A72AE3F0010E89F /* GoogleSignIn */; };
		716E68842A72AE3F0010E89F /* GoogleSignInSwift in Frameworks */ = {isa = PBXBuildFile; productRef = 716E68832A72AE3F0010E89F /* GoogleSignInSwift */; };
		716E68872A72AFA30010E89F /* Utilities.swift in Sources */ = {isa = PBXBuildFile; fileRef = 716E68862A72AFA30010E89F /* Utilities.swift */; };
		716E688A2A72B6400010E89F /* SignInGoogleHelper.swift in Sources */ = {isa = PBXBuildFile; fileRef = 716E68892A72B6400010E89F /* SignInGoogleHelper.swift */; };
		71A33D792A7E8E0000DC92C9 /* TabbarView.swift in Sources */ = {isa = PBXBuildFile; fileRef = 71A33D782A7E8E0000DC92C9 /* TabbarView.swift */; };
		71A33D7C2A7E9EEA00DC92C9 /* FavoriteView.swift in Sources */ = {isa = PBXBuildFile; fileRef = 71A33D7B2A7E9EE900DC92C9 /* FavoriteView.swift */; };
		71ACDC2E2A741374007CB6D5 /* SignInWithAppleHelper.swift in Sources */ = {isa = PBXBuildFile; fileRef = 71ACDC2D2A741374007CB6D5 /* SignInWithAppleHelper.swift */; };
		71FC1F812A7ECC08002CB43A /* ProductCellViewBuilder.swift in Sources */ = {isa = PBXBuildFile; fileRef = 71FC1F802A7ECC08002CB43A /* ProductCellViewBuilder.swift */; };
/* End PBXBuildFile section */

/* Begin PBXFileReference section */
		710513412A7950E9001E0867 /* SettingsViewModel.swift */ = {isa = PBXFileReference; lastKnownFileType = sourcecode.swift; path = SettingsViewModel.swift; sourceTree = "<group>"; };
		710513442A79512B001E0867 /* AuthenticationViewModel.swift */ = {isa = PBXFileReference; lastKnownFileType = sourcecode.swift; path = AuthenticationViewModel.swift; sourceTree = "<group>"; };
		710513472A795159001E0867 /* SignInEmailViewModel.swift */ = {isa = PBXFileReference; lastKnownFileType = sourcecode.swift; path = SignInEmailViewModel.swift; sourceTree = "<group>"; };
		7105134A2A79517A001E0867 /* ProfileView.swift */ = {isa = PBXFileReference; lastKnownFileType = sourcecode.swift; path = ProfileView.swift; sourceTree = "<group>"; };
		7105134D2A7954A5001E0867 /* UserManager.swift */ = {isa = PBXFileReference; lastKnownFileType = sourcecode.swift; path = UserManager.swift; sourceTree = "<group>"; };
		7107E8ED2A7169A9004B5FBB /* FirebaseBootcamp.app */ = {isa = PBXFileReference; explicitFileType = wrapper.application; includeInIndex = 0; path = FirebaseBootcamp.app; sourceTree = BUILT_PRODUCTS_DIR; };
		7107E8F02A7169A9004B5FBB /* FirebaseBootcampApp.swift */ = {isa = PBXFileReference; lastKnownFileType = sourcecode.swift; path = FirebaseBootcampApp.swift; sourceTree = "<group>"; };
		7107E8F22A7169A9004B5FBB /* ContentView.swift */ = {isa = PBXFileReference; lastKnownFileType = sourcecode.swift; path = ContentView.swift; sourceTree = "<group>"; };
		7107E8F42A7169AC004B5FBB /* Assets.xcassets */ = {isa = PBXFileReference; lastKnownFileType = folder.assetcatalog; path = Assets.xcassets; sourceTree = "<group>"; };
		7107E8F72A7169AC004B5FBB /* Preview Assets.xcassets */ = {isa = PBXFileReference; lastKnownFileType = folder.assetcatalog; path = "Preview Assets.xcassets"; sourceTree = "<group>"; };
		7107E8FE2A716AB4004B5FBB /* GoogleService-Info.plist */ = {isa = PBXFileReference; fileEncoding = 4; lastKnownFileType = text.plist.xml; path = "GoogleService-Info.plist"; sourceTree = "<group>"; };
		7107E9092A717178004B5FBB /* AuthenticationView.swift */ = {isa = PBXFileReference; lastKnownFileType = sourcecode.swift; path = AuthenticationView.swift; sourceTree = "<group>"; };
		7107E90B2A7171F5004B5FBB /* SignInEmailView.swift */ = {isa = PBXFileReference; lastKnownFileType = sourcecode.swift; path = SignInEmailView.swift; sourceTree = "<group>"; };
		7107E90D2A717315004B5FBB /* AuthenticationManager.swift */ = {isa = PBXFileReference; lastKnownFileType = sourcecode.swift; path = AuthenticationManager.swift; sourceTree = "<group>"; };
		7107E90F2A71772B004B5FBB /* RootView.swift */ = {isa = PBXFileReference; lastKnownFileType = sourcecode.swift; path = RootView.swift; sourceTree = "<group>"; };
		7107E9112A71806B004B5FBB /* SettingsView.swift */ = {isa = PBXFileReference; lastKnownFileType = sourcecode.swift; path = SettingsView.swift; sourceTree = "<group>"; };
		7161351E2A7BF98900DFE955 /* ProductDatabase.swift */ = {isa = PBXFileReference; lastKnownFileType = sourcecode.swift; path = ProductDatabase.swift; sourceTree = "<group>"; };
		716135212A7BFA1000DFE955 /* ProductView.swift */ = {isa = PBXFileReference; lastKnownFileType = sourcecode.swift; path = ProductView.swift; sourceTree = "<group>"; };
		716135232A7BFB5F00DFE955 /* ProductManager.swift */ = {isa = PBXFileReference; lastKnownFileType = sourcecode.swift; path = ProductManager.swift; sourceTree = "<group>"; };
		716135262A7BFF8400DFE955 /* ProductCellView.swift */ = {isa = PBXFileReference; lastKnownFileType = sourcecode.swift; path = ProductCellView.swift; sourceTree = "<group>"; };
		716E68862A72AFA30010E89F /* Utilities.swift */ = {isa = PBXFileReference; lastKnownFileType = sourcecode.swift; path = Utilities.swift; sourceTree = "<group>"; };
		716E68882A72B53A0010E89F /* Info.plist */ = {isa = PBXFileReference; lastKnownFileType = text.plist; path = Info.plist; sourceTree = "<group>"; };
		716E68892A72B6400010E89F /* SignInGoogleHelper.swift */ = {isa = PBXFileReference; lastKnownFileType = sourcecode.swift; path = SignInGoogleHelper.swift; sourceTree = "<group>"; };
		71A33D782A7E8E0000DC92C9 /* TabbarView.swift */ = {isa = PBXFileReference; lastKnownFileType = sourcecode.swift; path = TabbarView.swift; sourceTree = "<group>"; };
		71A33D7B2A7E9EE900DC92C9 /* FavoriteView.swift */ = {isa = PBXFileReference; lastKnownFileType = sourcecode.swift; path = FavoriteView.swift; sourceTree = "<group>"; };
		71ACDC2C2A740A7D007CB6D5 /* FirebaseBootcamp.entitlements */ = {isa = PBXFileReference; lastKnownFileType = text.plist.entitlements; path = FirebaseBootcamp.entitlements; sourceTree = "<group>"; };
		71ACDC2D2A741374007CB6D5 /* SignInWithAppleHelper.swift */ = {isa = PBXFileReference; lastKnownFileType = sourcecode.swift; path = SignInWithAppleHelper.swift; sourceTree = "<group>"; };
		71FC1F802A7ECC08002CB43A /* ProductCellViewBuilder.swift */ = {isa = PBXFileReference; lastKnownFileType = sourcecode.swift; path = ProductCellViewBuilder.swift; sourceTree = "<group>"; };
/* End PBXFileReference section */

/* Begin PBXFrameworksBuildPhase section */
		7107E8EA2A7169A9004B5FBB /* Frameworks */ = {
			isa = PBXFrameworksBuildPhase;
			buildActionMask = 2147483647;
			files = (
				716E68842A72AE3F0010E89F /* GoogleSignInSwift in Frameworks */,
				7107E9042A716B57004B5FBB /* FirebaseAnalyticsSwift in Frameworks */,
				716E68822A72AE3F0010E89F /* GoogleSignIn in Frameworks */,
				7105133E2A795047001E0867 /* FirebaseFirestoreSwift in Frameworks */,
				7107E9072A717135004B5FBB /* FirebaseAuth in Frameworks */,
				7107E9022A716B57004B5FBB /* FirebaseAnalytics in Frameworks */,
				7105133C2A795047001E0867 /* FirebaseFirestore in Frameworks */,
			);
			runOnlyForDeploymentPostprocessing = 0;
		};
/* End PBXFrameworksBuildPhase section */

/* Begin PBXGroup section */
		7105133F2A7950A0001E0867 /* Core */ = {
			isa = PBXGroup;
			children = (
				71A33D7A2A7E9ECE00DC92C9 /* Favorites */,
				71A33D772A7E8DE700DC92C9 /* Tabbar */,
				716135202A7BFA0600DFE955 /* Product */,
				710513492A795170001E0867 /* Profile */,
				710513432A795112001E0867 /* Authentication */,
				710513402A7950C7001E0867 /* Settings */,
				7107E90F2A71772B004B5FBB /* RootView.swift */,
			);
			path = Core;
			sourceTree = "<group>";
		};
		710513402A7950C7001E0867 /* Settings */ = {
			isa = PBXGroup;
			children = (
				7107E9112A71806B004B5FBB /* SettingsView.swift */,
				710513412A7950E9001E0867 /* SettingsViewModel.swift */,
			);
			path = Settings;
			sourceTree = "<group>";
		};
		710513432A795112001E0867 /* Authentication */ = {
			isa = PBXGroup;
			children = (
				710513462A795148001E0867 /* Subviews */,
				7107E9092A717178004B5FBB /* AuthenticationView.swift */,
				710513442A79512B001E0867 /* AuthenticationViewModel.swift */,
			);
			path = Authentication;
			sourceTree = "<group>";
		};
		710513462A795148001E0867 /* Subviews */ = {
			isa = PBXGroup;
			children = (
				7107E90B2A7171F5004B5FBB /* SignInEmailView.swift */,
				710513472A795159001E0867 /* SignInEmailViewModel.swift */,
			);
			path = Subviews;
			sourceTree = "<group>";
		};
		710513492A795170001E0867 /* Profile */ = {
			isa = PBXGroup;
			children = (
				7105134A2A79517A001E0867 /* ProfileView.swift */,
			);
			path = Profile;
			sourceTree = "<group>";
		};
		7105134C2A79548B001E0867 /* Firestore */ = {
			isa = PBXGroup;
			children = (
				7105134D2A7954A5001E0867 /* UserManager.swift */,
				716135232A7BFB5F00DFE955 /* ProductManager.swift */,
			);
			path = Firestore;
			sourceTree = "<group>";
		};
		7107E8E42A7169A9004B5FBB = {
			isa = PBXGroup;
			children = (
				7107E8EF2A7169A9004B5FBB /* FirebaseBootcamp */,
				7107E8EE2A7169A9004B5FBB /* Products */,
				7107E9052A717135004B5FBB /* Frameworks */,
			);
			sourceTree = "<group>";
		};
		7107E8EE2A7169A9004B5FBB /* Products */ = {
			isa = PBXGroup;
			children = (
				7107E8ED2A7169A9004B5FBB /* FirebaseBootcamp.app */,
			);
			name = Products;
			sourceTree = "<group>";
		};
		7107E8EF2A7169A9004B5FBB /* FirebaseBootcamp */ = {
			isa = PBXGroup;
			children = (
				71ACDC2C2A740A7D007CB6D5 /* FirebaseBootcamp.entitlements */,
				716E68882A72B53A0010E89F /* Info.plist */,
				7105133F2A7950A0001E0867 /* Core */,
				716E68852A72AF8F0010E89F /* Utilities */,
				7107E9082A717159004B5FBB /* Authentication */,
				7105134C2A79548B001E0867 /* Firestore */,
				7107E8F02A7169A9004B5FBB /* FirebaseBootcampApp.swift */,
				7107E8F22A7169A9004B5FBB /* ContentView.swift */,
				7107E8FE2A716AB4004B5FBB /* GoogleService-Info.plist */,
				7107E8F42A7169AC004B5FBB /* Assets.xcassets */,
				7107E8F62A7169AC004B5FBB /* Preview Content */,
			);
			path = FirebaseBootcamp;
			sourceTree = "<group>";
		};
		7107E8F62A7169AC004B5FBB /* Preview Content */ = {
			isa = PBXGroup;
			children = (
				7107E8F72A7169AC004B5FBB /* Preview Assets.xcassets */,
			);
			path = "Preview Content";
			sourceTree = "<group>";
		};
		7107E9052A717135004B5FBB /* Frameworks */ = {
			isa = PBXGroup;
			children = (
			);
			name = Frameworks;
			sourceTree = "<group>";
		};
		7107E9082A717159004B5FBB /* Authentication */ = {
			isa = PBXGroup;
			children = (
				7107E90D2A717315004B5FBB /* AuthenticationManager.swift */,
				716E68892A72B6400010E89F /* SignInGoogleHelper.swift */,
				71ACDC2D2A741374007CB6D5 /* SignInWithAppleHelper.swift */,
			);
			path = Authentication;
			sourceTree = "<group>";
		};
		716135202A7BFA0600DFE955 /* Product */ = {
			isa = PBXGroup;
			children = (
				716135252A7BFF7200DFE955 /* Subviews */,
				716135212A7BFA1000DFE955 /* ProductView.swift */,
			);
			path = Product;
			sourceTree = "<group>";
		};
		716135252A7BFF7200DFE955 /* Subviews */ = {
			isa = PBXGroup;
			children = (
				716135262A7BFF8400DFE955 /* ProductCellView.swift */,
				71FC1F802A7ECC08002CB43A /* ProductCellViewBuilder.swift */,
			);
			path = Subviews;
			sourceTree = "<group>";
		};
		716E68852A72AF8F0010E89F /* Utilities */ = {
			isa = PBXGroup;
			children = (
				716E68862A72AFA30010E89F /* Utilities.swift */,
				7161351E2A7BF98900DFE955 /* ProductDatabase.swift */,
			);
			path = Utilities;
			sourceTree = "<group>";
		};
		71A33D772A7E8DE700DC92C9 /* Tabbar */ = {
			isa = PBXGroup;
			children = (
				71A33D782A7E8E0000DC92C9 /* TabbarView.swift */,
			);
			path = Tabbar;
			sourceTree = "<group>";
		};
		71A33D7A2A7E9ECE00DC92C9 /* Favorites */ = {
			isa = PBXGroup;
			children = (
				71A33D7B2A7E9EE900DC92C9 /* FavoriteView.swift */,
			);
			path = Favorites;
			sourceTree = "<group>";
		};
/* End PBXGroup section */

/* Begin PBXNativeTarget section */
		7107E8EC2A7169A9004B5FBB /* FirebaseBootcamp */ = {
			isa = PBXNativeTarget;
			buildConfigurationList = 7107E8FB2A7169AC004B5FBB /* Build configuration list for PBXNativeTarget "FirebaseBootcamp" */;
			buildPhases = (
				7107E8E92A7169A9004B5FBB /* Sources */,
				7107E8EA2A7169A9004B5FBB /* Frameworks */,
				7107E8EB2A7169A9004B5FBB /* Resources */,
			);
			buildRules = (
			);
			dependencies = (
			);
			name = FirebaseBootcamp;
			packageProductDependencies = (
				7107E9012A716B57004B5FBB /* FirebaseAnalytics */,
				7107E9032A716B57004B5FBB /* FirebaseAnalyticsSwift */,
				7107E9062A717135004B5FBB /* FirebaseAuth */,
				716E68812A72AE3F0010E89F /* GoogleSignIn */,
				716E68832A72AE3F0010E89F /* GoogleSignInSwift */,
				7105133B2A795047001E0867 /* FirebaseFirestore */,
				7105133D2A795047001E0867 /* FirebaseFirestoreSwift */,
			);
			productName = FirebaseBootcamp;
			productReference = 7107E8ED2A7169A9004B5FBB /* FirebaseBootcamp.app */;
			productType = "com.apple.product-type.application";
		};
/* End PBXNativeTarget section */

/* Begin PBXProject section */
		7107E8E52A7169A9004B5FBB /* Project object */ = {
			isa = PBXProject;
			attributes = {
				BuildIndependentTargetsInParallel = 1;
				LastSwiftUpdateCheck = 1430;
				LastUpgradeCheck = 1430;
				TargetAttributes = {
					7107E8EC2A7169A9004B5FBB = {
						CreatedOnToolsVersion = 14.3;
					};
				};
			};
			buildConfigurationList = 7107E8E82A7169A9004B5FBB /* Build configuration list for PBXProject "FirebaseBootcamp" */;
			compatibilityVersion = "Xcode 14.0";
			developmentRegion = en;
			hasScannedForEncodings = 0;
			knownRegions = (
				en,
				Base,
			);
			mainGroup = 7107E8E42A7169A9004B5FBB;
			packageReferences = (
				7107E9002A716B57004B5FBB /* XCRemoteSwiftPackageReference "firebase-ios-sdk" */,
				716E68802A72AE3F0010E89F /* XCRemoteSwiftPackageReference "GoogleSignIn-iOS" */,
			);
			productRefGroup = 7107E8EE2A7169A9004B5FBB /* Products */;
			projectDirPath = "";
			projectRoot = "";
			targets = (
				7107E8EC2A7169A9004B5FBB /* FirebaseBootcamp */,
			);
		};
/* End PBXProject section */

/* Begin PBXResourcesBuildPhase section */
		7107E8EB2A7169A9004B5FBB /* Resources */ = {
			isa = PBXResourcesBuildPhase;
			buildActionMask = 2147483647;
			files = (
				7107E8F82A7169AC004B5FBB /* Preview Assets.xcassets in Resources */,
				7107E8F52A7169AC004B5FBB /* Assets.xcassets in Resources */,
				7107E8FF2A716AB4004B5FBB /* GoogleService-Info.plist in Resources */,
			);
			runOnlyForDeploymentPostprocessing = 0;
		};
/* End PBXResourcesBuildPhase section */

/* Begin PBXSourcesBuildPhase section */
		7107E8E92A7169A9004B5FBB /* Sources */ = {
			isa = PBXSourcesBuildPhase;
			buildActionMask = 2147483647;
			files = (
				710513452A79512B001E0867 /* AuthenticationViewModel.swift in Sources */,
				7107E9122A71806B004B5FBB /* SettingsView.swift in Sources */,
				716135272A7BFF8400DFE955 /* ProductCellView.swift in Sources */,
				7107E8F32A7169A9004B5FBB /* ContentView.swift in Sources */,
				7105134E2A7954A5001E0867 /* UserManager.swift in Sources */,
				716135222A7BFA1000DFE955 /* ProductView.swift in Sources */,
				7107E8F12A7169A9004B5FBB /* FirebaseBootcampApp.swift in Sources */,
				7107E9102A71772B004B5FBB /* RootView.swift in Sources */,
				7161351F2A7BF98900DFE955 /* ProductDatabase.swift in Sources */,
				710513482A795159001E0867 /* SignInEmailViewModel.swift in Sources */,
				716E688A2A72B6400010E89F /* SignInGoogleHelper.swift in Sources */,
				7107E90A2A717179004B5FBB /* AuthenticationView.swift in Sources */,
				7107E90E2A717315004B5FBB /* AuthenticationManager.swift in Sources */,
				716E68872A72AFA30010E89F /* Utilities.swift in Sources */,
				716135242A7BFB5F00DFE955 /* ProductManager.swift in Sources */,
				710513422A7950E9001E0867 /* SettingsViewModel.swift in Sources */,
				71A33D7C2A7E9EEA00DC92C9 /* FavoriteView.swift in Sources */,
				71ACDC2E2A741374007CB6D5 /* SignInWithAppleHelper.swift in Sources */,
				71FC1F812A7ECC08002CB43A /* ProductCellViewBuilder.swift in Sources */,
				7105134B2A79517A001E0867 /* ProfileView.swift in Sources */,
				71A33D792A7E8E0000DC92C9 /* TabbarView.swift in Sources */,
				7107E90C2A7171F5004B5FBB /* SignInEmailView.swift in Sources */,
			);
			runOnlyForDeploymentPostprocessing = 0;
		};
/* End PBXSourcesBuildPhase section */

/* Begin XCBuildConfiguration section */
		7107E8F92A7169AC004B5FBB /* Debug */ = {
			isa = XCBuildConfiguration;
			buildSettings = {
				ALWAYS_SEARCH_USER_PATHS = NO;
				CLANG_ANALYZER_NONNULL = YES;
				CLANG_ANALYZER_NUMBER_OBJECT_CONVERSION = YES_AGGRESSIVE;
				CLANG_CXX_LANGUAGE_STANDARD = "gnu++20";
				CLANG_ENABLE_MODULES = YES;
				CLANG_ENABLE_OBJC_ARC = YES;
				CLANG_ENABLE_OBJC_WEAK = YES;
				CLANG_WARN_BLOCK_CAPTURE_AUTORELEASING = YES;
				CLANG_WARN_BOOL_CONVERSION = YES;
				CLANG_WARN_COMMA = YES;
				CLANG_WARN_CONSTANT_CONVERSION = YES;
				CLANG_WARN_DEPRECATED_OBJC_IMPLEMENTATIONS = YES;
				CLANG_WARN_DIRECT_OBJC_ISA_USAGE = YES_ERROR;
				CLANG_WARN_DOCUMENTATION_COMMENTS = YES;
				CLANG_WARN_EMPTY_BODY = YES;
				CLANG_WARN_ENUM_CONVERSION = YES;
				CLANG_WARN_INFINITE_RECURSION = YES;
				CLANG_WARN_INT_CONVERSION = YES;
				CLANG_WARN_NON_LITERAL_NULL_CONVERSION = YES;
				CLANG_WARN_OBJC_IMPLICIT_RETAIN_SELF = YES;
				CLANG_WARN_OBJC_LITERAL_CONVERSION = YES;
				CLANG_WARN_OBJC_ROOT_CLASS = YES_ERROR;
				CLANG_WARN_QUOTED_INCLUDE_IN_FRAMEWORK_HEADER = YES;
				CLANG_WARN_RANGE_LOOP_ANALYSIS = YES;
				CLANG_WARN_STRICT_PROTOTYPES = YES;
				CLANG_WARN_SUSPICIOUS_MOVE = YES;
				CLANG_WARN_UNGUARDED_AVAILABILITY = YES_AGGRESSIVE;
				CLANG_WARN_UNREACHABLE_CODE = YES;
				CLANG_WARN__DUPLICATE_METHOD_MATCH = YES;
				COPY_PHASE_STRIP = NO;
				DEBUG_INFORMATION_FORMAT = dwarf;
				ENABLE_STRICT_OBJC_MSGSEND = YES;
				ENABLE_TESTABILITY = YES;
				GCC_C_LANGUAGE_STANDARD = gnu11;
				GCC_DYNAMIC_NO_PIC = NO;
				GCC_NO_COMMON_BLOCKS = YES;
				GCC_OPTIMIZATION_LEVEL = 0;
				GCC_PREPROCESSOR_DEFINITIONS = (
					"DEBUG=1",
					"$(inherited)",
				);
				GCC_WARN_64_TO_32_BIT_CONVERSION = YES;
				GCC_WARN_ABOUT_RETURN_TYPE = YES_ERROR;
				GCC_WARN_UNDECLARED_SELECTOR = YES;
				GCC_WARN_UNINITIALIZED_AUTOS = YES_AGGRESSIVE;
				GCC_WARN_UNUSED_FUNCTION = YES;
				GCC_WARN_UNUSED_VARIABLE = YES;
				IPHONEOS_DEPLOYMENT_TARGET = 16.4;
				MTL_ENABLE_DEBUG_INFO = INCLUDE_SOURCE;
				MTL_FAST_MATH = YES;
				ONLY_ACTIVE_ARCH = YES;
				SDKROOT = iphoneos;
				SWIFT_ACTIVE_COMPILATION_CONDITIONS = DEBUG;
				SWIFT_OPTIMIZATION_LEVEL = "-Onone";
			};
			name = Debug;
		};
		7107E8FA2A7169AC004B5FBB /* Release */ = {
			isa = XCBuildConfiguration;
			buildSettings = {
				ALWAYS_SEARCH_USER_PATHS = NO;
				CLANG_ANALYZER_NONNULL = YES;
				CLANG_ANALYZER_NUMBER_OBJECT_CONVERSION = YES_AGGRESSIVE;
				CLANG_CXX_LANGUAGE_STANDARD = "gnu++20";
				CLANG_ENABLE_MODULES = YES;
				CLANG_ENABLE_OBJC_ARC = YES;
				CLANG_ENABLE_OBJC_WEAK = YES;
				CLANG_WARN_BLOCK_CAPTURE_AUTORELEASING = YES;
				CLANG_WARN_BOOL_CONVERSION = YES;
				CLANG_WARN_COMMA = YES;
				CLANG_WARN_CONSTANT_CONVERSION = YES;
				CLANG_WARN_DEPRECATED_OBJC_IMPLEMENTATIONS = YES;
				CLANG_WARN_DIRECT_OBJC_ISA_USAGE = YES_ERROR;
				CLANG_WARN_DOCUMENTATION_COMMENTS = YES;
				CLANG_WARN_EMPTY_BODY = YES;
				CLANG_WARN_ENUM_CONVERSION = YES;
				CLANG_WARN_INFINITE_RECURSION = YES;
				CLANG_WARN_INT_CONVERSION = YES;
				CLANG_WARN_NON_LITERAL_NULL_CONVERSION = YES;
				CLANG_WARN_OBJC_IMPLICIT_RETAIN_SELF = YES;
				CLANG_WARN_OBJC_LITERAL_CONVERSION = YES;
				CLANG_WARN_OBJC_ROOT_CLASS = YES_ERROR;
				CLANG_WARN_QUOTED_INCLUDE_IN_FRAMEWORK_HEADER = YES;
				CLANG_WARN_RANGE_LOOP_ANALYSIS = YES;
				CLANG_WARN_STRICT_PROTOTYPES = YES;
				CLANG_WARN_SUSPICIOUS_MOVE = YES;
				CLANG_WARN_UNGUARDED_AVAILABILITY = YES_AGGRESSIVE;
				CLANG_WARN_UNREACHABLE_CODE = YES;
				CLANG_WARN__DUPLICATE_METHOD_MATCH = YES;
				COPY_PHASE_STRIP = NO;
				DEBUG_INFORMATION_FORMAT = "dwarf-with-dsym";
				ENABLE_NS_ASSERTIONS = NO;
				ENABLE_STRICT_OBJC_MSGSEND = YES;
				GCC_C_LANGUAGE_STANDARD = gnu11;
				GCC_NO_COMMON_BLOCKS = YES;
				GCC_WARN_64_TO_32_BIT_CONVERSION = YES;
				GCC_WARN_ABOUT_RETURN_TYPE = YES_ERROR;
				GCC_WARN_UNDECLARED_SELECTOR = YES;
				GCC_WARN_UNINITIALIZED_AUTOS = YES_AGGRESSIVE;
				GCC_WARN_UNUSED_FUNCTION = YES;
				GCC_WARN_UNUSED_VARIABLE = YES;
				IPHONEOS_DEPLOYMENT_TARGET = 16.4;
				MTL_ENABLE_DEBUG_INFO = NO;
				MTL_FAST_MATH = YES;
				SDKROOT = iphoneos;
				SWIFT_COMPILATION_MODE = wholemodule;
				SWIFT_OPTIMIZATION_LEVEL = "-O";
				VALIDATE_PRODUCT = YES;
			};
			name = Release;
		};
		7107E8FC2A7169AC004B5FBB /* Debug */ = {
			isa = XCBuildConfiguration;
			buildSettings = {
				ASSETCATALOG_COMPILER_APPICON_NAME = AppIcon;
				ASSETCATALOG_COMPILER_GLOBAL_ACCENT_COLOR_NAME = AccentColor;
				CODE_SIGN_ENTITLEMENTS = FirebaseBootcamp/FirebaseBootcamp.entitlements;
				CODE_SIGN_STYLE = Automatic;
				CURRENT_PROJECT_VERSION = 1;
				DEVELOPMENT_ASSET_PATHS = "\"FirebaseBootcamp/Preview Content\"";
				DEVELOPMENT_TEAM = 89BV38HZUZ;
				ENABLE_PREVIEWS = YES;
				GENERATE_INFOPLIST_FILE = YES;
				INFOPLIST_FILE = FirebaseBootcamp/Info.plist;
				INFOPLIST_KEY_UIApplicationSceneManifest_Generation = YES;
				INFOPLIST_KEY_UIApplicationSupportsIndirectInputEvents = YES;
				INFOPLIST_KEY_UILaunchScreen_Generation = YES;
				INFOPLIST_KEY_UISupportedInterfaceOrientations_iPad = "UIInterfaceOrientationPortrait UIInterfaceOrientationPortraitUpsideDown UIInterfaceOrientationLandscapeLeft UIInterfaceOrientationLandscapeRight";
				INFOPLIST_KEY_UISupportedInterfaceOrientations_iPhone = "UIInterfaceOrientationPortrait UIInterfaceOrientationLandscapeLeft UIInterfaceOrientationLandscapeRight";
				LD_RUNPATH_SEARCH_PATHS = (
					"$(inherited)",
					"@executable_path/Frameworks",
				);
				MARKETING_VERSION = 1.0;
				PRODUCT_BUNDLE_IDENTIFIER = com.kimleng.FirebaseBootcamp;
				PRODUCT_NAME = "$(TARGET_NAME)";
				SWIFT_EMIT_LOC_STRINGS = YES;
				SWIFT_VERSION = 5.0;
				TARGETED_DEVICE_FAMILY = "1,2";
			};
			name = Debug;
		};
		7107E8FD2A7169AC004B5FBB /* Release */ = {
			isa = XCBuildConfiguration;
			buildSettings = {
				ASSETCATALOG_COMPILER_APPICON_NAME = AppIcon;
				ASSETCATALOG_COMPILER_GLOBAL_ACCENT_COLOR_NAME = AccentColor;
				CODE_SIGN_ENTITLEMENTS = FirebaseBootcamp/FirebaseBootcamp.entitlements;
				CODE_SIGN_STYLE = Automatic;
				CURRENT_PROJECT_VERSION = 1;
				DEVELOPMENT_ASSET_PATHS = "\"FirebaseBootcamp/Preview Content\"";
				DEVELOPMENT_TEAM = 89BV38HZUZ;
				ENABLE_PREVIEWS = YES;
				GENERATE_INFOPLIST_FILE = YES;
				INFOPLIST_FILE = FirebaseBootcamp/Info.plist;
				INFOPLIST_KEY_UIApplicationSceneManifest_Generation = YES;
				INFOPLIST_KEY_UIApplicationSupportsIndirectInputEvents = YES;
				INFOPLIST_KEY_UILaunchScreen_Generation = YES;
				INFOPLIST_KEY_UISupportedInterfaceOrientations_iPad = "UIInterfaceOrientationPortrait UIInterfaceOrientationPortraitUpsideDown UIInterfaceOrientationLandscapeLeft UIInterfaceOrientationLandscapeRight";
				INFOPLIST_KEY_UISupportedInterfaceOrientations_iPhone = "UIInterfaceOrientationPortrait UIInterfaceOrientationLandscapeLeft UIInterfaceOrientationLandscapeRight";
				LD_RUNPATH_SEARCH_PATHS = (
					"$(inherited)",
					"@executable_path/Frameworks",
				);
				MARKETING_VERSION = 1.0;
				PRODUCT_BUNDLE_IDENTIFIER = com.kimleng.FirebaseBootcamp;
				PRODUCT_NAME = "$(TARGET_NAME)";
				SWIFT_EMIT_LOC_STRINGS = YES;
				SWIFT_VERSION = 5.0;
				TARGETED_DEVICE_FAMILY = "1,2";
			};
			name = Release;
		};
/* End XCBuildConfiguration section */

/* Begin XCConfigurationList section */
		7107E8E82A7169A9004B5FBB /* Build configuration list for PBXProject "FirebaseBootcamp" */ = {
			isa = XCConfigurationList;
			buildConfigurations = (
				7107E8F92A7169AC004B5FBB /* Debug */,
				7107E8FA2A7169AC004B5FBB /* Release */,
			);
			defaultConfigurationIsVisible = 0;
			defaultConfigurationName = Release;
		};
		7107E8FB2A7169AC004B5FBB /* Build configuration list for PBXNativeTarget "FirebaseBootcamp" */ = {
			isa = XCConfigurationList;
			buildConfigurations = (
				7107E8FC2A7169AC004B5FBB /* Debug */,
				7107E8FD2A7169AC004B5FBB /* Release */,
			);
			defaultConfigurationIsVisible = 0;
			defaultConfigurationName = Release;
		};
/* End XCConfigurationList section */

/* Begin XCRemoteSwiftPackageReference section */
		7107E9002A716B57004B5FBB /* XCRemoteSwiftPackageReference "firebase-ios-sdk" */ = {
			isa = XCRemoteSwiftPackageReference;
			repositoryURL = "https://github.com/firebase/firebase-ios-sdk.git";
			requirement = {
				kind = exactVersion;
				version = 10.4.0;
			};
		};
		716E68802A72AE3F0010E89F /* XCRemoteSwiftPackageReference "GoogleSignIn-iOS" */ = {
			isa = XCRemoteSwiftPackageReference;
			repositoryURL = "https://github.com/google/GoogleSignIn-iOS";
			requirement = {
				kind = upToNextMajorVersion;
				minimumVersion = 7.0.0;
			};
		};
/* End XCRemoteSwiftPackageReference section */

/* Begin XCSwiftPackageProductDependency section */
		7105133B2A795047001E0867 /* FirebaseFirestore */ = {
			isa = XCSwiftPackageProductDependency;
			package = 7107E9002A716B57004B5FBB /* XCRemoteSwiftPackageReference "firebase-ios-sdk" */;
			productName = FirebaseFirestore;
		};
		7105133D2A795047001E0867 /* FirebaseFirestoreSwift */ = {
			isa = XCSwiftPackageProductDependency;
			package = 7107E9002A716B57004B5FBB /* XCRemoteSwiftPackageReference "firebase-ios-sdk" */;
			productName = FirebaseFirestoreSwift;
		};
		7107E9012A716B57004B5FBB /* FirebaseAnalytics */ = {
			isa = XCSwiftPackageProductDependency;
			package = 7107E9002A716B57004B5FBB /* XCRemoteSwiftPackageReference "firebase-ios-sdk" */;
			productName = FirebaseAnalytics;
		};
		7107E9032A716B57004B5FBB /* FirebaseAnalyticsSwift */ = {
			isa = XCSwiftPackageProductDependency;
			package = 7107E9002A716B57004B5FBB /* XCRemoteSwiftPackageReference "firebase-ios-sdk" */;
			productName = FirebaseAnalyticsSwift;
		};
		7107E9062A717135004B5FBB /* FirebaseAuth */ = {
			isa = XCSwiftPackageProductDependency;
			package = 7107E9002A716B57004B5FBB /* XCRemoteSwiftPackageReference "firebase-ios-sdk" */;
			productName = FirebaseAuth;
		};
		716E68812A72AE3F0010E89F /* GoogleSignIn */ = {
			isa = XCSwiftPackageProductDependency;
			package = 716E68802A72AE3F0010E89F /* XCRemoteSwiftPackageReference "GoogleSignIn-iOS" */;
			productName = GoogleSignIn;
		};
		716E68832A72AE3F0010E89F /* GoogleSignInSwift */ = {
			isa = XCSwiftPackageProductDependency;
			package = 716E68802A72AE3F0010E89F /* XCRemoteSwiftPackageReference "GoogleSignIn-iOS" */;
			productName = GoogleSignInSwift;
		};
/* End XCSwiftPackageProductDependency section */
	};
	rootObject = 7107E8E52A7169A9004B5FBB /* Project object */;
}
